
Microsoft Visual Studio Solution File, Format Version 12.00
# Visual Studio Version 17
VisualStudioVersion = 17.8.34525.116
MinimumVisualStudioVersion = 10.0.40219.1
Project("{2150E333-8FDC-42A3-9474-1A3956D46DE8}") = "Estruturas de Dados", "Estruturas de Dados", "{80A8E962-8C4C-4DA4-BA87-C89FA4E20052}"
EndProject
Project("{FAE04EC0-301F-11D3-BF4B-00C04F79EFBC}") = "buscaEmLargura", "src\buscaEmLargura\buscaEmLargura.csproj", "{7079C29D-EED9-483C-9A18-E988F4D325DE}"
EndProject
Project("{FAE04EC0-301F-11D3-BF4B-00C04F79EFBC}") = "buscarEmProfundidade", "src\buscarEmProfundidade\buscarEmProfundidade.csproj", "{C69378D6-2DBF-43A6-AB07-3F83A2FBC7DC}"
EndProject
Global
	GlobalSection(SolutionConfigurationPlatforms) = preSolution
		Debug|Any CPU = Debug|Any CPU
		Release|Any CPU = Release|Any CPU
	EndGlobalSection
	GlobalSection(ProjectConfigurationPlatforms) = postSolution
		{7079C29D-EED9-483C-9A18-E988F4D325DE}.Debug|Any CPU.ActiveCfg = Debug|Any CPU
		{7079C29D-EED9-483C-9A18-E988F4D325DE}.Debug|Any CPU.Build.0 = Debug|Any CPU
		{7079C29D-EED9-483C-9A18-E988F4D325DE}.Release|Any CPU.ActiveCfg = Release|Any CPU
		{7079C29D-EED9-483C-9A18-E988F4D325DE}.Release|Any CPU.Build.0 = Release|Any CPU
		{C69378D6-2DBF-43A6-AB07-3F83A2FBC7DC}.Debug|Any CPU.ActiveCfg = Debug|Any CPU
		{C69378D6-2DBF-43A6-AB07-3F83A2FBC7DC}.Debug|Any CPU.Build.0 = Debug|Any CPU
		{C69378D6-2DBF-43A6-AB07-3F83A2FBC7DC}.Release|Any CPU.ActiveCfg = Release|Any CPU
		{C69378D6-2DBF-43A6-AB07-3F83A2FBC7DC}.Release|Any CPU.Build.0 = Release|Any CPU
	EndGlobalSection
	GlobalSection(SolutionProperties) = preSolution
		HideSolutionNode = FALSE
	EndGlobalSection
	GlobalSection(NestedProjects) = preSolution
		{7079C29D-EED9-483C-9A18-E988F4D325DE} = {80A8E962-8C4C-4DA4-BA87-C89FA4E20052}
		{C69378D6-2DBF-43A6-AB07-3F83A2FBC7DC} = {80A8E962-8C4C-4DA4-BA87-C89FA4E20052}
	EndGlobalSection
	GlobalSection(ExtensibilityGlobals) = postSolution
		SolutionGuid = {FCBBA866-5173-4348-9303-CCFD37E8F9CF}
	EndGlobalSection
EndGlobal
